// !$*UTF8*$!
{
	archiveVersion = 1;
	classes = {
	};
	objectVersion = 46;
	objects = {

/* Begin PBXBuildFile section */
		23407BF71BB6C957006EED89 /* TournamentMatchStatus.swift in Sources */ = {isa = PBXBuildFile; fileRef = 23407BF61BB6C957006EED89 /* TournamentMatchStatus.swift */; settings = {ASSET_TAGS = (); }; };
		23407BF91BB6CCC7006EED89 /* TournamentMatchStatusMapper.swift in Sources */ = {isa = PBXBuildFile; fileRef = 23407BF81BB6CCC7006EED89 /* TournamentMatchStatusMapper.swift */; settings = {ASSET_TAGS = (); }; };
		2352AE511BBAAFD000244C6B /* RSS.swift in Sources */ = {isa = PBXBuildFile; fileRef = 2352AE501BBAAFD000244C6B /* RSS.swift */; settings = {ASSET_TAGS = (); }; };
		2352AE531BBAB04E00244C6B /* RSSItem.swift in Sources */ = {isa = PBXBuildFile; fileRef = 2352AE521BBAB04E00244C6B /* RSSItem.swift */; settings = {ASSET_TAGS = (); }; };
		2352AE551BBAB52C00244C6B /* RSSmapper.swift in Sources */ = {isa = PBXBuildFile; fileRef = 2352AE541BBAB52C00244C6B /* RSSmapper.swift */; settings = {ASSET_TAGS = (); }; };
		235D71631BB3D56E0091E345 /* InstaPhotoCell.swift in Sources */ = {isa = PBXBuildFile; fileRef = 235D71621BB3D56E0091E345 /* InstaPhotoCell.swift */; settings = {ASSET_TAGS = (); }; };
		235D71651BB3D8B70091E345 /* InstaUICollectionViewController.swift in Sources */ = {isa = PBXBuildFile; fileRef = 235D71641BB3D8B70091E345 /* InstaUICollectionViewController.swift */; settings = {ASSET_TAGS = (); }; };
		235D71671BB4381F0091E345 /* InstaPopover.swift in Sources */ = {isa = PBXBuildFile; fileRef = 235D71661BB4381F0091E345 /* InstaPopover.swift */; settings = {ASSET_TAGS = (); }; };
		236203201B9ECAF000D7F6A7 /* CacheObjects.swift in Sources */ = {isa = PBXBuildFile; fileRef = 2362031F1B9ECAF000D7F6A7 /* CacheObjects.swift */; settings = {ASSET_TAGS = (); }; };
		236B0C3B1B987C6700CDEC89 /* Generator.swift in Sources */ = {isa = PBXBuildFile; fileRef = 236B0C3A1B987C6700CDEC89 /* Generator.swift */; settings = {ASSET_TAGS = (); }; };
		236D8D601B9D8DF000669E51 /* DataManager.swift in Sources */ = {isa = PBXBuildFile; fileRef = 236D8D5F1B9D8DF000669E51 /* DataManager.swift */; settings = {ASSET_TAGS = (); }; };
		236D8D631B9D8F4600669E51 /* Cache.swift in Sources */ = {isa = PBXBuildFile; fileRef = 236D8D621B9D8F4600669E51 /* Cache.swift */; settings = {ASSET_TAGS = (); }; };
		236D8D651B9D8F6F00669E51 /* CacheMock.swift in Sources */ = {isa = PBXBuildFile; fileRef = 236D8D641B9D8F6F00669E51 /* CacheMock.swift */; settings = {ASSET_TAGS = (); }; };
		236D8D671B9D8FE900669E51 /* CacheImpl.swift in Sources */ = {isa = PBXBuildFile; fileRef = 236D8D661B9D8FE900669E51 /* CacheImpl.swift */; settings = {ASSET_TAGS = (); }; };
		2388C1511B99A73B00637F6E /* ArenaMapper.swift in Sources */ = {isa = PBXBuildFile; fileRef = 2388C1501B99A73B00637F6E /* ArenaMapper.swift */; settings = {ASSET_TAGS = (); }; };
		2388C1531B99D5CD00637F6E /* TournamentClubsMapper.swift in Sources */ = {isa = PBXBuildFile; fileRef = 2388C1521B99D5CD00637F6E /* TournamentClubsMapper.swift */; settings = {ASSET_TAGS = (); }; };
		238C04C11BB2EA9D000492E7 /* InstagramRepo.swift in Sources */ = {isa = PBXBuildFile; fileRef = 238C04C01BB2EA9D000492E7 /* InstagramRepo.swift */; settings = {ASSET_TAGS = (); }; };
		238C04C31BB2EAB7000492E7 /* InstagramRepoImpl.swift in Sources */ = {isa = PBXBuildFile; fileRef = 238C04C21BB2EAB7000492E7 /* InstagramRepoImpl.swift */; settings = {ASSET_TAGS = (); }; };
		238C04C51BB2EAC3000492E7 /* InstagramRepoMock.swift in Sources */ = {isa = PBXBuildFile; fileRef = 238C04C41BB2EAC3000492E7 /* InstagramRepoMock.swift */; settings = {ASSET_TAGS = (); }; };
		238C04C71BB2EB18000492E7 /* InstagramPhotoObject.swift in Sources */ = {isa = PBXBuildFile; fileRef = 238C04C61BB2EB18000492E7 /* InstagramPhotoObject.swift */; settings = {ASSET_TAGS = (); }; };
		3C803E501B984D46001A51AA /* Functions.swift in Sources */ = {isa = PBXBuildFile; fileRef = 3C803E4F1B984D46001A51AA /* Functions.swift */; settings = {ASSET_TAGS = (); }; };
		3C803E541B98528A001A51AA /* Soap.swift in Sources */ = {isa = PBXBuildFile; fileRef = 3C803E531B98528A001A51AA /* Soap.swift */; settings = {ASSET_TAGS = (); }; };
		3C803E561B9852EF001A51AA /* SoapMock.swift in Sources */ = {isa = PBXBuildFile; fileRef = 3C803E551B9852EF001A51AA /* SoapMock.swift */; settings = {ASSET_TAGS = (); }; };
		3C803E5A1B98550D001A51AA /* Config.swift in Sources */ = {isa = PBXBuildFile; fileRef = 3C803E591B98550D001A51AA /* Config.swift */; settings = {ASSET_TAGS = (); }; };
		3C803E5C1B98563F001A51AA /* SharingManager.swift in Sources */ = {isa = PBXBuildFile; fileRef = 3C803E5B1B98563F001A51AA /* SharingManager.swift */; settings = {ASSET_TAGS = (); }; };
		3C803E5E1B9856E8001A51AA /* SoapImpl.swift in Sources */ = {isa = PBXBuildFile; fileRef = 3C803E5D1B9856E8001A51AA /* SoapImpl.swift */; settings = {ASSET_TAGS = (); }; };
		3C9A17C21BB58EA700746773 /* EndPlayGamesViewController.swift in Sources */ = {isa = PBXBuildFile; fileRef = 3C9A17C11BB58EA700746773 /* EndPlayGamesViewController.swift */; settings = {ASSET_TAGS = (); }; };
		3CB9B3241B9D8F1400B48037 /* DateExtention.swift in Sources */ = {isa = PBXBuildFile; fileRef = 3CB9B3231B9D8F1400B48037 /* DateExtention.swift */; settings = {ASSET_TAGS = (); }; };
		3CC5530D1B98C2CA008FA445 /* HomeViewController.swift in Sources */ = {isa = PBXBuildFile; fileRef = 3CC5530C1B98C2CA008FA445 /* HomeViewController.swift */; settings = {ASSET_TAGS = (); }; };
		3CDB8B331B99922A00439028 /* InfoViewController.swift in Sources */ = {isa = PBXBuildFile; fileRef = 3CDB8B321B99922A00439028 /* InfoViewController.swift */; settings = {ASSET_TAGS = (); }; };
		3CDB8B351B99923200439028 /* SosialViewController.swift in Sources */ = {isa = PBXBuildFile; fileRef = 3CDB8B341B99923200439028 /* SosialViewController.swift */; settings = {ASSET_TAGS = (); }; };
		3CDB8B371B999B3D00439028 /* MatchViewController.swift in Sources */ = {isa = PBXBuildFile; fileRef = 3CDB8B361B999B3D00439028 /* MatchViewController.swift */; settings = {ASSET_TAGS = (); }; };
		3CEAA9F31BB5706300939BFD /* EndPlayViewController.swift in Sources */ = {isa = PBXBuildFile; fileRef = 3CEAA9F21BB5706300939BFD /* EndPlayViewController.swift */; settings = {ASSET_TAGS = (); }; };
		726A96821BB582E700646497 /* MatchClassesMapper.swift in Sources */ = {isa = PBXBuildFile; fileRef = 726A96811BB582E700646497 /* MatchClassesMapper.swift */; settings = {ASSET_TAGS = (); }; };
		726A96841BB6911F00646497 /* TableMock.swift in Sources */ = {isa = PBXBuildFile; fileRef = 726A96831BB6911F00646497 /* TableMock.swift */; settings = {ASSET_TAGS = (); }; };
		729AAA691BA1BEC300E8B6E9 /* FavoriteTeams.swift in Sources */ = {isa = PBXBuildFile; fileRef = 729AAA681BA1BEC300E8B6E9 /* FavoriteTeams.swift */; settings = {ASSET_TAGS = (); }; };
		72B841C21BB6A39900E37CC1 /* CustomHeaderCell.swift in Sources */ = {isa = PBXBuildFile; fileRef = 72B841C11BB6A39900E37CC1 /* CustomHeaderCell.swift */; settings = {ASSET_TAGS = (); }; };
		72B841C41BB6BB8C00E37CC1 /* ResultTableViewCell.swift in Sources */ = {isa = PBXBuildFile; fileRef = 72B841C31BB6BB8C00E37CC1 /* ResultTableViewCell.swift */; settings = {ASSET_TAGS = (); }; };
		D51E4B0C1B94A1E700FF5DDB /* AppDelegate.swift in Sources */ = {isa = PBXBuildFile; fileRef = D51E4B0B1B94A1E700FF5DDB /* AppDelegate.swift */; };
		D51E4B0E1B94A1E700FF5DDB /* FirstViewController.swift in Sources */ = {isa = PBXBuildFile; fileRef = D51E4B0D1B94A1E700FF5DDB /* FirstViewController.swift */; };
		D51E4B101B94A1E700FF5DDB /* TournamentViewController.swift in Sources */ = {isa = PBXBuildFile; fileRef = D51E4B0F1B94A1E700FF5DDB /* TournamentViewController.swift */; };
		D51E4B131B94A1E700FF5DDB /* Main.storyboard in Resources */ = {isa = PBXBuildFile; fileRef = D51E4B111B94A1E700FF5DDB /* Main.storyboard */; };
		D51E4B151B94A1E700FF5DDB /* Assets.xcassets in Resources */ = {isa = PBXBuildFile; fileRef = D51E4B141B94A1E700FF5DDB /* Assets.xcassets */; };
		D51E4B181B94A1E700FF5DDB /* LaunchScreen.storyboard in Resources */ = {isa = PBXBuildFile; fileRef = D51E4B161B94A1E700FF5DDB /* LaunchScreen.storyboard */; };
		D51E4B231B94A1E700FF5DDB /* SkandiacupTests.swift in Sources */ = {isa = PBXBuildFile; fileRef = D51E4B221B94A1E700FF5DDB /* SkandiacupTests.swift */; };
		D51E4B2E1B94A1E700FF5DDB /* SkandiacupUITests.swift in Sources */ = {isa = PBXBuildFile; fileRef = D51E4B2D1B94A1E700FF5DDB /* SkandiacupUITests.swift */; };
		D524965E1B9876EC001D3577 /* TeamsViewController.swift in Sources */ = {isa = PBXBuildFile; fileRef = D524965D1B9876EC001D3577 /* TeamsViewController.swift */; settings = {ASSET_TAGS = (); }; };
		D52496601B9876F4001D3577 /* GroupsViewController.swift in Sources */ = {isa = PBXBuildFile; fileRef = D524965F1B9876F4001D3577 /* GroupsViewController.swift */; settings = {ASSET_TAGS = (); }; };
		D52496621B988364001D3577 /* TeamViewController.swift in Sources */ = {isa = PBXBuildFile; fileRef = D52496611B988364001D3577 /* TeamViewController.swift */; settings = {ASSET_TAGS = (); }; };
		D52496641B988546001D3577 /* GroupViewController.swift in Sources */ = {isa = PBXBuildFile; fileRef = D52496631B988546001D3577 /* GroupViewController.swift */; settings = {ASSET_TAGS = (); }; };
		D54FB67A1BB3F2BE007FCCAF /* filterView.swift in Sources */ = {isa = PBXBuildFile; fileRef = D54FB6791BB3F2BE007FCCAF /* filterView.swift */; settings = {ASSET_TAGS = (); }; };
		D54FB67C1BB3F2F3007FCCAF /* filterView.xib in Resources */ = {isa = PBXBuildFile; fileRef = D54FB67B1BB3F2F3007FCCAF /* filterView.xib */; settings = {ASSET_TAGS = (); }; };
		D55D9CF61B99949B00DD01E1 /* SWXMLHash.swift in Sources */ = {isa = PBXBuildFile; fileRef = D55D9CF51B99949B00DD01E1 /* SWXMLHash.swift */; settings = {ASSET_TAGS = (); }; };
		D5774F451B999D3B002F9451 /* MatchesMapper.swift in Sources */ = {isa = PBXBuildFile; fileRef = D5774F441B999D3B002F9451 /* MatchesMapper.swift */; settings = {ASSET_TAGS = (); }; };
		D5D62FC21BBA87300097CFC7 /* TeamsViewChangeProto.swift in Sources */ = {isa = PBXBuildFile; fileRef = D5D62FC11BBA87300097CFC7 /* TeamsViewChangeProto.swift */; settings = {ASSET_TAGS = (); }; };
		D5D62FCF1BBAB0330097CFC7 /* NewsViewController.swift in Sources */ = {isa = PBXBuildFile; fileRef = D5D62FCE1BBAB0330097CFC7 /* NewsViewController.swift */; settings = {ASSET_TAGS = (); }; };
		D5D62FD11BBAB45E0097CFC7 /* NewsItemViewController.swift in Sources */ = {isa = PBXBuildFile; fileRef = D5D62FD01BBAB45E0097CFC7 /* NewsItemViewController.swift */; settings = {ASSET_TAGS = (); }; };
		D5D7BA3E1BB5777400687A98 /* SegmentChangeProto.swift in Sources */ = {isa = PBXBuildFile; fileRef = D5D7BA3D1BB5777400687A98 /* SegmentChangeProto.swift */; settings = {ASSET_TAGS = (); }; };
		D5EAE5481B99C55100AA3AF1 /* FieldsMapper.swift in Sources */ = {isa = PBXBuildFile; fileRef = D5EAE5471B99C55100AA3AF1 /* FieldsMapper.swift */; settings = {ASSET_TAGS = (); }; };
		D5EAE54A1B99C82700AA3AF1 /* MatchTablesMapper.swift in Sources */ = {isa = PBXBuildFile; fileRef = D5EAE5491B99C82700AA3AF1 /* MatchTablesMapper.swift */; settings = {ASSET_TAGS = (); }; };
		D5EC2E931B9B5CBC00CBA235 /* TournamentTeamMapper.swift in Sources */ = {isa = PBXBuildFile; fileRef = D5EC2E921B9B5CBC00CBA235 /* TournamentTeamMapper.swift */; settings = {ASSET_TAGS = (); }; };
		D5FD4ECB1B94B8CA009B53FC /* FavoritesViewController.swift in Sources */ = {isa = PBXBuildFile; fileRef = D5FD4ECA1B94B8CA009B53FC /* FavoritesViewController.swift */; settings = {ASSET_TAGS = (); }; };
		D5FD4ED01B94C79B009B53FC /* Arena.swift in Sources */ = {isa = PBXBuildFile; fileRef = D5FD4ECF1B94C79B009B53FC /* Arena.swift */; settings = {ASSET_TAGS = (); }; };
		D5FD4ED21B94C8B7009B53FC /* TournamentClub.swift in Sources */ = {isa = PBXBuildFile; fileRef = D5FD4ED11B94C8B7009B53FC /* TournamentClub.swift */; settings = {ASSET_TAGS = (); }; };
		D5FD4ED41B94C8FF009B53FC /* Field.swift in Sources */ = {isa = PBXBuildFile; fileRef = D5FD4ED31B94C8FF009B53FC /* Field.swift */; settings = {ASSET_TAGS = (); }; };
		D5FD4ED61B94C9C8009B53FC /* MatchClass.swift in Sources */ = {isa = PBXBuildFile; fileRef = D5FD4ED51B94C9C8009B53FC /* MatchClass.swift */; settings = {ASSET_TAGS = (); }; };
		D5FD4ED81B94CA23009B53FC /* MatchGroup.swift in Sources */ = {isa = PBXBuildFile; fileRef = D5FD4ED71B94CA23009B53FC /* MatchGroup.swift */; settings = {ASSET_TAGS = (); }; };
		D5FD4EDA1B94CD4D009B53FC /* TournamentMatch.swift in Sources */ = {isa = PBXBuildFile; fileRef = D5FD4ED91B94CD4D009B53FC /* TournamentMatch.swift */; settings = {ASSET_TAGS = (); }; };
		D5FD4EDC1B94CEC3009B53FC /* MatchTableRow.swift in Sources */ = {isa = PBXBuildFile; fileRef = D5FD4EDB1B94CEC3009B53FC /* MatchTableRow.swift */; settings = {ASSET_TAGS = (); }; };
		D5FD4EDE1B94CF3E009B53FC /* MatchTable.swift in Sources */ = {isa = PBXBuildFile; fileRef = D5FD4EDD1B94CF3E009B53FC /* MatchTable.swift */; settings = {ASSET_TAGS = (); }; };
		D5FD4EE01B94CF70009B53FC /* TournamentTeam.swift in Sources */ = {isa = PBXBuildFile; fileRef = D5FD4EDF1B94CF70009B53FC /* TournamentTeam.swift */; settings = {ASSET_TAGS = (); }; };
		D5FD4EE21B94CFB7009B53FC /* Tournament.swift in Sources */ = {isa = PBXBuildFile; fileRef = D5FD4EE11B94CFB7009B53FC /* Tournament.swift */; settings = {ASSET_TAGS = (); }; };
/* End PBXBuildFile section */

/* Begin PBXContainerItemProxy section */
		D51E4B1F1B94A1E700FF5DDB /* PBXContainerItemProxy */ = {
			isa = PBXContainerItemProxy;
			containerPortal = D51E4B001B94A1E700FF5DDB /* Project object */;
			proxyType = 1;
			remoteGlobalIDString = D51E4B071B94A1E700FF5DDB;
			remoteInfo = Skandiacup;
		};
		D51E4B2A1B94A1E700FF5DDB /* PBXContainerItemProxy */ = {
			isa = PBXContainerItemProxy;
			containerPortal = D51E4B001B94A1E700FF5DDB /* Project object */;
			proxyType = 1;
			remoteGlobalIDString = D51E4B071B94A1E700FF5DDB;
			remoteInfo = Skandiacup;
		};
/* End PBXContainerItemProxy section */

/* Begin PBXFileReference section */
		23407BF61BB6C957006EED89 /* TournamentMatchStatus.swift */ = {isa = PBXFileReference; fileEncoding = 4; lastKnownFileType = sourcecode.swift; path = TournamentMatchStatus.swift; sourceTree = "<group>"; };
		23407BF81BB6CCC7006EED89 /* TournamentMatchStatusMapper.swift */ = {isa = PBXFileReference; fileEncoding = 4; lastKnownFileType = sourcecode.swift; path = TournamentMatchStatusMapper.swift; sourceTree = "<group>"; };
		2352AE501BBAAFD000244C6B /* RSS.swift */ = {isa = PBXFileReference; fileEncoding = 4; lastKnownFileType = sourcecode.swift; path = RSS.swift; sourceTree = "<group>"; };
		2352AE521BBAB04E00244C6B /* RSSItem.swift */ = {isa = PBXFileReference; fileEncoding = 4; lastKnownFileType = sourcecode.swift; path = RSSItem.swift; sourceTree = "<group>"; };
		2352AE541BBAB52C00244C6B /* RSSmapper.swift */ = {isa = PBXFileReference; fileEncoding = 4; lastKnownFileType = sourcecode.swift; path = RSSmapper.swift; sourceTree = "<group>"; };
		235D71621BB3D56E0091E345 /* InstaPhotoCell.swift */ = {isa = PBXFileReference; fileEncoding = 4; lastKnownFileType = sourcecode.swift; path = InstaPhotoCell.swift; sourceTree = "<group>"; };
		235D71641BB3D8B70091E345 /* InstaUICollectionViewController.swift */ = {isa = PBXFileReference; fileEncoding = 4; lastKnownFileType = sourcecode.swift; path = InstaUICollectionViewController.swift; sourceTree = "<group>"; };
		235D71661BB4381F0091E345 /* InstaPopover.swift */ = {isa = PBXFileReference; fileEncoding = 4; lastKnownFileType = sourcecode.swift; path = InstaPopover.swift; sourceTree = "<group>"; };
		2362031F1B9ECAF000D7F6A7 /* CacheObjects.swift */ = {isa = PBXFileReference; fileEncoding = 4; lastKnownFileType = sourcecode.swift; path = CacheObjects.swift; sourceTree = "<group>"; };
		236B0C3A1B987C6700CDEC89 /* Generator.swift */ = {isa = PBXFileReference; fileEncoding = 4; lastKnownFileType = sourcecode.swift; path = Generator.swift; sourceTree = "<group>"; };
		236D8D5F1B9D8DF000669E51 /* DataManager.swift */ = {isa = PBXFileReference; fileEncoding = 4; lastKnownFileType = sourcecode.swift; path = DataManager.swift; sourceTree = "<group>"; };
		236D8D621B9D8F4600669E51 /* Cache.swift */ = {isa = PBXFileReference; fileEncoding = 4; lastKnownFileType = sourcecode.swift; path = Cache.swift; sourceTree = "<group>"; };
		236D8D641B9D8F6F00669E51 /* CacheMock.swift */ = {isa = PBXFileReference; fileEncoding = 4; lastKnownFileType = sourcecode.swift; path = CacheMock.swift; sourceTree = "<group>"; };
		236D8D661B9D8FE900669E51 /* CacheImpl.swift */ = {isa = PBXFileReference; fileEncoding = 4; lastKnownFileType = sourcecode.swift; path = CacheImpl.swift; sourceTree = "<group>"; };
		2388C1501B99A73B00637F6E /* ArenaMapper.swift */ = {isa = PBXFileReference; fileEncoding = 4; lastKnownFileType = sourcecode.swift; path = ArenaMapper.swift; sourceTree = "<group>"; };
		2388C1521B99D5CD00637F6E /* TournamentClubsMapper.swift */ = {isa = PBXFileReference; fileEncoding = 4; lastKnownFileType = sourcecode.swift; path = TournamentClubsMapper.swift; sourceTree = "<group>"; };
		238C04C01BB2EA9D000492E7 /* InstagramRepo.swift */ = {isa = PBXFileReference; fileEncoding = 4; lastKnownFileType = sourcecode.swift; path = InstagramRepo.swift; sourceTree = "<group>"; };
		238C04C21BB2EAB7000492E7 /* InstagramRepoImpl.swift */ = {isa = PBXFileReference; fileEncoding = 4; lastKnownFileType = sourcecode.swift; path = InstagramRepoImpl.swift; sourceTree = "<group>"; };
		238C04C41BB2EAC3000492E7 /* InstagramRepoMock.swift */ = {isa = PBXFileReference; fileEncoding = 4; lastKnownFileType = sourcecode.swift; path = InstagramRepoMock.swift; sourceTree = "<group>"; };
		238C04C61BB2EB18000492E7 /* InstagramPhotoObject.swift */ = {isa = PBXFileReference; fileEncoding = 4; lastKnownFileType = sourcecode.swift; path = InstagramPhotoObject.swift; sourceTree = "<group>"; };
		3C803E4F1B984D46001A51AA /* Functions.swift */ = {isa = PBXFileReference; fileEncoding = 4; lastKnownFileType = sourcecode.swift; path = Functions.swift; sourceTree = "<group>"; };
		3C803E531B98528A001A51AA /* Soap.swift */ = {isa = PBXFileReference; fileEncoding = 4; lastKnownFileType = sourcecode.swift; path = Soap.swift; sourceTree = "<group>"; };
		3C803E551B9852EF001A51AA /* SoapMock.swift */ = {isa = PBXFileReference; fileEncoding = 4; lastKnownFileType = sourcecode.swift; path = SoapMock.swift; sourceTree = "<group>"; };
		3C803E591B98550D001A51AA /* Config.swift */ = {isa = PBXFileReference; fileEncoding = 4; lastKnownFileType = sourcecode.swift; path = Config.swift; sourceTree = "<group>"; };
		3C803E5B1B98563F001A51AA /* SharingManager.swift */ = {isa = PBXFileReference; fileEncoding = 4; lastKnownFileType = sourcecode.swift; path = SharingManager.swift; sourceTree = "<group>"; };
		3C803E5D1B9856E8001A51AA /* SoapImpl.swift */ = {isa = PBXFileReference; fileEncoding = 4; lastKnownFileType = sourcecode.swift; path = SoapImpl.swift; sourceTree = "<group>"; };
		3C9A17C11BB58EA700746773 /* EndPlayGamesViewController.swift */ = {isa = PBXFileReference; fileEncoding = 4; lastKnownFileType = sourcecode.swift; path = EndPlayGamesViewController.swift; sourceTree = "<group>"; };
		3CB9B3231B9D8F1400B48037 /* DateExtention.swift */ = {isa = PBXFileReference; fileEncoding = 4; lastKnownFileType = sourcecode.swift; path = DateExtention.swift; sourceTree = "<group>"; };
		3CC5530C1B98C2CA008FA445 /* HomeViewController.swift */ = {isa = PBXFileReference; fileEncoding = 4; lastKnownFileType = sourcecode.swift; path = HomeViewController.swift; sourceTree = "<group>"; };
		3CDB8B321B99922A00439028 /* InfoViewController.swift */ = {isa = PBXFileReference; fileEncoding = 4; lastKnownFileType = sourcecode.swift; path = InfoViewController.swift; sourceTree = "<group>"; };
		3CDB8B341B99923200439028 /* SosialViewController.swift */ = {isa = PBXFileReference; fileEncoding = 4; lastKnownFileType = sourcecode.swift; path = SosialViewController.swift; sourceTree = "<group>"; };
		3CDB8B361B999B3D00439028 /* MatchViewController.swift */ = {isa = PBXFileReference; fileEncoding = 4; lastKnownFileType = sourcecode.swift; path = MatchViewController.swift; sourceTree = "<group>"; };
		3CEAA9F21BB5706300939BFD /* EndPlayViewController.swift */ = {isa = PBXFileReference; fileEncoding = 4; lastKnownFileType = sourcecode.swift; path = EndPlayViewController.swift; sourceTree = "<group>"; };
		726A96811BB582E700646497 /* MatchClassesMapper.swift */ = {isa = PBXFileReference; fileEncoding = 4; lastKnownFileType = sourcecode.swift; path = MatchClassesMapper.swift; sourceTree = "<group>"; };
		726A96831BB6911F00646497 /* TableMock.swift */ = {isa = PBXFileReference; fileEncoding = 4; lastKnownFileType = sourcecode.swift; path = TableMock.swift; sourceTree = "<group>"; };
		729AAA681BA1BEC300E8B6E9 /* FavoriteTeams.swift */ = {isa = PBXFileReference; fileEncoding = 4; lastKnownFileType = sourcecode.swift; path = FavoriteTeams.swift; sourceTree = "<group>"; };
		72B841C11BB6A39900E37CC1 /* CustomHeaderCell.swift */ = {isa = PBXFileReference; fileEncoding = 4; lastKnownFileType = sourcecode.swift; path = CustomHeaderCell.swift; sourceTree = "<group>"; };
		72B841C31BB6BB8C00E37CC1 /* ResultTableViewCell.swift */ = {isa = PBXFileReference; fileEncoding = 4; lastKnownFileType = sourcecode.swift; path = ResultTableViewCell.swift; sourceTree = "<group>"; };
		D51E4B081B94A1E700FF5DDB /* Skandiacup.app */ = {isa = PBXFileReference; explicitFileType = wrapper.application; includeInIndex = 0; path = Skandiacup.app; sourceTree = BUILT_PRODUCTS_DIR; };
		D51E4B0B1B94A1E700FF5DDB /* AppDelegate.swift */ = {isa = PBXFileReference; lastKnownFileType = sourcecode.swift; path = AppDelegate.swift; sourceTree = "<group>"; };
		D51E4B0D1B94A1E700FF5DDB /* FirstViewController.swift */ = {isa = PBXFileReference; lastKnownFileType = sourcecode.swift; path = FirstViewController.swift; sourceTree = "<group>"; };
		D51E4B0F1B94A1E700FF5DDB /* TournamentViewController.swift */ = {isa = PBXFileReference; lastKnownFileType = sourcecode.swift; path = TournamentViewController.swift; sourceTree = "<group>"; };
		D51E4B121B94A1E700FF5DDB /* Base */ = {isa = PBXFileReference; lastKnownFileType = file.storyboard; name = Base; path = Base.lproj/Main.storyboard; sourceTree = "<group>"; };
		D51E4B141B94A1E700FF5DDB /* Assets.xcassets */ = {isa = PBXFileReference; lastKnownFileType = folder.assetcatalog; path = Assets.xcassets; sourceTree = "<group>"; };
		D51E4B171B94A1E700FF5DDB /* Base */ = {isa = PBXFileReference; lastKnownFileType = file.storyboard; name = Base; path = Base.lproj/LaunchScreen.storyboard; sourceTree = "<group>"; };
		D51E4B191B94A1E700FF5DDB /* Info.plist */ = {isa = PBXFileReference; lastKnownFileType = text.plist.xml; path = Info.plist; sourceTree = "<group>"; };
		D51E4B1E1B94A1E700FF5DDB /* SkandiacupTests.xctest */ = {isa = PBXFileReference; explicitFileType = wrapper.cfbundle; includeInIndex = 0; path = SkandiacupTests.xctest; sourceTree = BUILT_PRODUCTS_DIR; };
		D51E4B221B94A1E700FF5DDB /* SkandiacupTests.swift */ = {isa = PBXFileReference; lastKnownFileType = sourcecode.swift; path = SkandiacupTests.swift; sourceTree = "<group>"; };
		D51E4B241B94A1E700FF5DDB /* Info.plist */ = {isa = PBXFileReference; lastKnownFileType = text.plist.xml; path = Info.plist; sourceTree = "<group>"; };
		D51E4B291B94A1E700FF5DDB /* SkandiacupUITests.xctest */ = {isa = PBXFileReference; explicitFileType = wrapper.cfbundle; includeInIndex = 0; path = SkandiacupUITests.xctest; sourceTree = BUILT_PRODUCTS_DIR; };
		D51E4B2D1B94A1E700FF5DDB /* SkandiacupUITests.swift */ = {isa = PBXFileReference; lastKnownFileType = sourcecode.swift; path = SkandiacupUITests.swift; sourceTree = "<group>"; };
		D51E4B2F1B94A1E700FF5DDB /* Info.plist */ = {isa = PBXFileReference; lastKnownFileType = text.plist.xml; path = Info.plist; sourceTree = "<group>"; };
		D524965D1B9876EC001D3577 /* TeamsViewController.swift */ = {isa = PBXFileReference; fileEncoding = 4; lastKnownFileType = sourcecode.swift; path = TeamsViewController.swift; sourceTree = "<group>"; };
		D524965F1B9876F4001D3577 /* GroupsViewController.swift */ = {isa = PBXFileReference; fileEncoding = 4; lastKnownFileType = sourcecode.swift; path = GroupsViewController.swift; sourceTree = "<group>"; };
		D52496611B988364001D3577 /* TeamViewController.swift */ = {isa = PBXFileReference; fileEncoding = 4; lastKnownFileType = sourcecode.swift; path = TeamViewController.swift; sourceTree = "<group>"; };
		D52496631B988546001D3577 /* GroupViewController.swift */ = {isa = PBXFileReference; fileEncoding = 4; lastKnownFileType = sourcecode.swift; path = GroupViewController.swift; sourceTree = "<group>"; };
		D54FB6791BB3F2BE007FCCAF /* filterView.swift */ = {isa = PBXFileReference; fileEncoding = 4; lastKnownFileType = sourcecode.swift; name = filterView.swift; path = ../filterView.swift; sourceTree = "<group>"; };
		D54FB67B1BB3F2F3007FCCAF /* filterView.xib */ = {isa = PBXFileReference; fileEncoding = 4; lastKnownFileType = file.xib; name = filterView.xib; path = ../filterView.xib; sourceTree = "<group>"; };
		D55D9CF51B99949B00DD01E1 /* SWXMLHash.swift */ = {isa = PBXFileReference; fileEncoding = 4; lastKnownFileType = sourcecode.swift; path = SWXMLHash.swift; sourceTree = "<group>"; };
		D5774F441B999D3B002F9451 /* MatchesMapper.swift */ = {isa = PBXFileReference; fileEncoding = 4; lastKnownFileType = sourcecode.swift; path = MatchesMapper.swift; sourceTree = "<group>"; };
		D5D62FC11BBA87300097CFC7 /* TeamsViewChangeProto.swift */ = {isa = PBXFileReference; fileEncoding = 4; lastKnownFileType = sourcecode.swift; path = TeamsViewChangeProto.swift; sourceTree = "<group>"; };
		D5D62FCE1BBAB0330097CFC7 /* NewsViewController.swift */ = {isa = PBXFileReference; fileEncoding = 4; lastKnownFileType = sourcecode.swift; path = NewsViewController.swift; sourceTree = "<group>"; };
		D5D62FD01BBAB45E0097CFC7 /* NewsItemViewController.swift */ = {isa = PBXFileReference; fileEncoding = 4; lastKnownFileType = sourcecode.swift; path = NewsItemViewController.swift; sourceTree = "<group>"; };
		D5D7BA3D1BB5777400687A98 /* SegmentChangeProto.swift */ = {isa = PBXFileReference; fileEncoding = 4; lastKnownFileType = sourcecode.swift; path = SegmentChangeProto.swift; sourceTree = "<group>"; };
		D5EAE5471B99C55100AA3AF1 /* FieldsMapper.swift */ = {isa = PBXFileReference; fileEncoding = 4; lastKnownFileType = sourcecode.swift; path = FieldsMapper.swift; sourceTree = "<group>"; };
		D5EAE5491B99C82700AA3AF1 /* MatchTablesMapper.swift */ = {isa = PBXFileReference; fileEncoding = 4; lastKnownFileType = sourcecode.swift; path = MatchTablesMapper.swift; sourceTree = "<group>"; };
		D5EC2E921B9B5CBC00CBA235 /* TournamentTeamMapper.swift */ = {isa = PBXFileReference; fileEncoding = 4; lastKnownFileType = sourcecode.swift; path = TournamentTeamMapper.swift; sourceTree = "<group>"; };
		D5FD4ECA1B94B8CA009B53FC /* FavoritesViewController.swift */ = {isa = PBXFileReference; fileEncoding = 4; lastKnownFileType = sourcecode.swift; name = FavoritesViewController.swift; path = ../FavoritesViewController.swift; sourceTree = "<group>"; };
		D5FD4ECF1B94C79B009B53FC /* Arena.swift */ = {isa = PBXFileReference; fileEncoding = 4; lastKnownFileType = sourcecode.swift; path = Arena.swift; sourceTree = "<group>"; };
		D5FD4ED11B94C8B7009B53FC /* TournamentClub.swift */ = {isa = PBXFileReference; fileEncoding = 4; lastKnownFileType = sourcecode.swift; path = TournamentClub.swift; sourceTree = "<group>"; };
		D5FD4ED31B94C8FF009B53FC /* Field.swift */ = {isa = PBXFileReference; fileEncoding = 4; lastKnownFileType = sourcecode.swift; path = Field.swift; sourceTree = "<group>"; };
		D5FD4ED51B94C9C8009B53FC /* MatchClass.swift */ = {isa = PBXFileReference; fileEncoding = 4; lastKnownFileType = sourcecode.swift; path = MatchClass.swift; sourceTree = "<group>"; };
		D5FD4ED71B94CA23009B53FC /* MatchGroup.swift */ = {isa = PBXFileReference; fileEncoding = 4; lastKnownFileType = sourcecode.swift; path = MatchGroup.swift; sourceTree = "<group>"; };
		D5FD4ED91B94CD4D009B53FC /* TournamentMatch.swift */ = {isa = PBXFileReference; fileEncoding = 4; lastKnownFileType = sourcecode.swift; path = TournamentMatch.swift; sourceTree = "<group>"; };
		D5FD4EDB1B94CEC3009B53FC /* MatchTableRow.swift */ = {isa = PBXFileReference; fileEncoding = 4; lastKnownFileType = sourcecode.swift; path = MatchTableRow.swift; sourceTree = "<group>"; };
		D5FD4EDD1B94CF3E009B53FC /* MatchTable.swift */ = {isa = PBXFileReference; fileEncoding = 4; lastKnownFileType = sourcecode.swift; path = MatchTable.swift; sourceTree = "<group>"; };
		D5FD4EDF1B94CF70009B53FC /* TournamentTeam.swift */ = {isa = PBXFileReference; fileEncoding = 4; lastKnownFileType = sourcecode.swift; path = TournamentTeam.swift; sourceTree = "<group>"; };
		D5FD4EE11B94CFB7009B53FC /* Tournament.swift */ = {isa = PBXFileReference; fileEncoding = 4; lastKnownFileType = sourcecode.swift; path = Tournament.swift; sourceTree = "<group>"; };
/* End PBXFileReference section */

/* Begin PBXFrameworksBuildPhase section */
		D51E4B051B94A1E700FF5DDB /* Frameworks */ = {
			isa = PBXFrameworksBuildPhase;
			buildActionMask = 2147483647;
			files = (
			);
			runOnlyForDeploymentPostprocessing = 0;
		};
		D51E4B1B1B94A1E700FF5DDB /* Frameworks */ = {
			isa = PBXFrameworksBuildPhase;
			buildActionMask = 2147483647;
			files = (
			);
			runOnlyForDeploymentPostprocessing = 0;
		};
		D51E4B261B94A1E700FF5DDB /* Frameworks */ = {
			isa = PBXFrameworksBuildPhase;
			buildActionMask = 2147483647;
			files = (
			);
			runOnlyForDeploymentPostprocessing = 0;
		};
/* End PBXFrameworksBuildPhase section */

/* Begin PBXGroup section */
		236D8D611B9D8ED500669E51 /* Repository */ = {
			isa = PBXGroup;
			children = (
				3C803E531B98528A001A51AA /* Soap.swift */,
				3C803E551B9852EF001A51AA /* SoapMock.swift */,
				3C803E5D1B9856E8001A51AA /* SoapImpl.swift */,
				236D8D621B9D8F4600669E51 /* Cache.swift */,
				236D8D641B9D8F6F00669E51 /* CacheMock.swift */,
				236D8D661B9D8FE900669E51 /* CacheImpl.swift */,
				238C04C01BB2EA9D000492E7 /* InstagramRepo.swift */,
				238C04C21BB2EAB7000492E7 /* InstagramRepoImpl.swift */,
				238C04C41BB2EAC3000492E7 /* InstagramRepoMock.swift */,
				726A96831BB6911F00646497 /* TableMock.swift */,
				2352AE501BBAAFD000244C6B /* RSS.swift */,
			);
			name = Repository;
			sourceTree = "<group>";
		};
		3C3B9E141B9891310070A1FF /* HomeViewContainers */ = {
			isa = PBXGroup;
			children = (
				3CDB8B321B99922A00439028 /* InfoViewController.swift */,
				3CDB8B341B99923200439028 /* SosialViewController.swift */,
				D5D62FCE1BBAB0330097CFC7 /* NewsViewController.swift */,
				D5D62FD01BBAB45E0097CFC7 /* NewsItemViewController.swift */,
			);
			name = HomeViewContainers;
			sourceTree = "<group>";
		};
		3C803E4E1B984CAE001A51AA /* Utils */ = {
			isa = PBXGroup;
			children = (
				D55D9CF51B99949B00DD01E1 /* SWXMLHash.swift */,
				3C803E4F1B984D46001A51AA /* Functions.swift */,
				236B0C3A1B987C6700CDEC89 /* Generator.swift */,
				729AAA681BA1BEC300E8B6E9 /* FavoriteTeams.swift */,
			);
			name = Utils;
			sourceTree = "<group>";
		};
		3C803E511B984F75001A51AA /* ViewController */ = {
			isa = PBXGroup;
			children = (
				3C3B9E141B9891310070A1FF /* HomeViewContainers */,
				D51E4B0D1B94A1E700FF5DDB /* FirstViewController.swift */,
				D5FD4ECA1B94B8CA009B53FC /* FavoritesViewController.swift */,
				3CC5530C1B98C2CA008FA445 /* HomeViewController.swift */,
				D51E4B0F1B94A1E700FF5DDB /* TournamentViewController.swift */,
				D524965D1B9876EC001D3577 /* TeamsViewController.swift */,
				D524965F1B9876F4001D3577 /* GroupsViewController.swift */,
				D52496611B988364001D3577 /* TeamViewController.swift */,
				D52496631B988546001D3577 /* GroupViewController.swift */,
				3CDB8B361B999B3D00439028 /* MatchViewController.swift */,
				235D71621BB3D56E0091E345 /* InstaPhotoCell.swift */,
				235D71641BB3D8B70091E345 /* InstaUICollectionViewController.swift */,
				235D71661BB4381F0091E345 /* InstaPopover.swift */,
				3CEAA9F21BB5706300939BFD /* EndPlayViewController.swift */,
				3C9A17C11BB58EA700746773 /* EndPlayGamesViewController.swift */,
				72B841C11BB6A39900E37CC1 /* CustomHeaderCell.swift */,
				72B841C31BB6BB8C00E37CC1 /* ResultTableViewCell.swift */,
			);
			name = ViewController;
			sourceTree = "<group>";
		};
		3C803E521B985270001A51AA /* Service */ = {
			isa = PBXGroup;
			children = (
				236D8D5F1B9D8DF000669E51 /* DataManager.swift */,
			);
			name = Service;
			sourceTree = "<group>";
		};
		3CB9B3221B9D8EF200B48037 /* Extensions */ = {
			isa = PBXGroup;
			children = (
				3CB9B3231B9D8F1400B48037 /* DateExtention.swift */,
			);
			name = Extensions;
			sourceTree = "<group>";
		};
		D51E4AFF1B94A1E700FF5DDB = {
			isa = PBXGroup;
			children = (
				D5D62FC11BBA87300097CFC7 /* TeamsViewChangeProto.swift */,
				D5D7BA3D1BB5777400687A98 /* SegmentChangeProto.swift */,
				D51E4B0A1B94A1E700FF5DDB /* Skandiacup */,
				D51E4B211B94A1E700FF5DDB /* SkandiacupTests */,
				D51E4B2C1B94A1E700FF5DDB /* SkandiacupUITests */,
				D51E4B091B94A1E700FF5DDB /* Products */,
			);
			sourceTree = "<group>";
		};
		D51E4B091B94A1E700FF5DDB /* Products */ = {
			isa = PBXGroup;
			children = (
				D51E4B081B94A1E700FF5DDB /* Skandiacup.app */,
				D51E4B1E1B94A1E700FF5DDB /* SkandiacupTests.xctest */,
				D51E4B291B94A1E700FF5DDB /* SkandiacupUITests.xctest */,
			);
			name = Products;
			sourceTree = "<group>";
		};
		D51E4B0A1B94A1E700FF5DDB /* Skandiacup */ = {
			isa = PBXGroup;
			children = (
				236D8D611B9D8ED500669E51 /* Repository */,
				3CB9B3221B9D8EF200B48037 /* Extensions */,
				D5774F431B999CDC002F9451 /* Mappers */,
				3C803E521B985270001A51AA /* Service */,
				3C803E511B984F75001A51AA /* ViewController */,
				3C803E4E1B984CAE001A51AA /* Utils */,
				D5FD4ECE1B94C781009B53FC /* Domain */,
				D51E4B0B1B94A1E700FF5DDB /* AppDelegate.swift */,
				D51E4B111B94A1E700FF5DDB /* Main.storyboard */,
				D51E4B141B94A1E700FF5DDB /* Assets.xcassets */,
				D51E4B161B94A1E700FF5DDB /* LaunchScreen.storyboard */,
				D51E4B191B94A1E700FF5DDB /* Info.plist */,
				3C803E591B98550D001A51AA /* Config.swift */,
				3C803E5B1B98563F001A51AA /* SharingManager.swift */,
			);
			path = Skandiacup;
			sourceTree = "<group>";
		};
		D51E4B211B94A1E700FF5DDB /* SkandiacupTests */ = {
			isa = PBXGroup;
			children = (
				D51E4B221B94A1E700FF5DDB /* SkandiacupTests.swift */,
				D51E4B241B94A1E700FF5DDB /* Info.plist */,
			);
			path = SkandiacupTests;
			sourceTree = "<group>";
		};
		D51E4B2C1B94A1E700FF5DDB /* SkandiacupUITests */ = {
			isa = PBXGroup;
			children = (
				D51E4B2D1B94A1E700FF5DDB /* SkandiacupUITests.swift */,
				D51E4B2F1B94A1E700FF5DDB /* Info.plist */,
			);
			path = SkandiacupUITests;
			sourceTree = "<group>";
		};
		D5774F431B999CDC002F9451 /* Mappers */ = {
			isa = PBXGroup;
			children = (
				D5774F441B999D3B002F9451 /* MatchesMapper.swift */,
				2388C1501B99A73B00637F6E /* ArenaMapper.swift */,
				2388C1521B99D5CD00637F6E /* TournamentClubsMapper.swift */,
				D5EAE5471B99C55100AA3AF1 /* FieldsMapper.swift */,
				D5EAE5491B99C82700AA3AF1 /* MatchTablesMapper.swift */,
				D5EC2E921B9B5CBC00CBA235 /* TournamentTeamMapper.swift */,
				726A96811BB582E700646497 /* MatchClassesMapper.swift */,
				23407BF81BB6CCC7006EED89 /* TournamentMatchStatusMapper.swift */,
				2352AE541BBAB52C00244C6B /* RSSmapper.swift */,
			);
			name = Mappers;
			sourceTree = "<group>";
		};
		D5FD4ECE1B94C781009B53FC /* Domain */ = {
			isa = PBXGroup;
			children = (
				D54FB6791BB3F2BE007FCCAF /* filterView.swift */,
				D54FB67B1BB3F2F3007FCCAF /* filterView.xib */,
				D5FD4ECF1B94C79B009B53FC /* Arena.swift */,
				D5FD4ED11B94C8B7009B53FC /* TournamentClub.swift */,
				D5FD4ED31B94C8FF009B53FC /* Field.swift */,
				D5FD4ED51B94C9C8009B53FC /* MatchClass.swift */,
				D5FD4ED71B94CA23009B53FC /* MatchGroup.swift */,
				D5FD4ED91B94CD4D009B53FC /* TournamentMatch.swift */,
				D5FD4EDB1B94CEC3009B53FC /* MatchTableRow.swift */,
				D5FD4EDD1B94CF3E009B53FC /* MatchTable.swift */,
				D5FD4EDF1B94CF70009B53FC /* TournamentTeam.swift */,
				D5FD4EE11B94CFB7009B53FC /* Tournament.swift */,
				2362031F1B9ECAF000D7F6A7 /* CacheObjects.swift */,
				238C04C61BB2EB18000492E7 /* InstagramPhotoObject.swift */,
				23407BF61BB6C957006EED89 /* TournamentMatchStatus.swift */,
				2352AE521BBAB04E00244C6B /* RSSItem.swift */,
			);
			name = Domain;
			sourceTree = "<group>";
		};
/* End PBXGroup section */

/* Begin PBXNativeTarget section */
		D51E4B071B94A1E700FF5DDB /* Skandiacup */ = {
			isa = PBXNativeTarget;
			buildConfigurationList = D51E4B321B94A1E700FF5DDB /* Build configuration list for PBXNativeTarget "Skandiacup" */;
			buildPhases = (
				D51E4B041B94A1E700FF5DDB /* Sources */,
				D51E4B051B94A1E700FF5DDB /* Frameworks */,
				D51E4B061B94A1E700FF5DDB /* Resources */,
			);
			buildRules = (
			);
			dependencies = (
			);
			name = Skandiacup;
			productName = Skandiacup;
			productReference = D51E4B081B94A1E700FF5DDB /* Skandiacup.app */;
			productType = "com.apple.product-type.application";
		};
		D51E4B1D1B94A1E700FF5DDB /* SkandiacupTests */ = {
			isa = PBXNativeTarget;
			buildConfigurationList = D51E4B351B94A1E700FF5DDB /* Build configuration list for PBXNativeTarget "SkandiacupTests" */;
			buildPhases = (
				D51E4B1A1B94A1E700FF5DDB /* Sources */,
				D51E4B1B1B94A1E700FF5DDB /* Frameworks */,
				D51E4B1C1B94A1E700FF5DDB /* Resources */,
			);
			buildRules = (
			);
			dependencies = (
				D51E4B201B94A1E700FF5DDB /* PBXTargetDependency */,
			);
			name = SkandiacupTests;
			productName = SkandiacupTests;
			productReference = D51E4B1E1B94A1E700FF5DDB /* SkandiacupTests.xctest */;
			productType = "com.apple.product-type.bundle.unit-test";
		};
		D51E4B281B94A1E700FF5DDB /* SkandiacupUITests */ = {
			isa = PBXNativeTarget;
			buildConfigurationList = D51E4B381B94A1E700FF5DDB /* Build configuration list for PBXNativeTarget "SkandiacupUITests" */;
			buildPhases = (
				D51E4B251B94A1E700FF5DDB /* Sources */,
				D51E4B261B94A1E700FF5DDB /* Frameworks */,
				D51E4B271B94A1E700FF5DDB /* Resources */,
			);
			buildRules = (
			);
			dependencies = (
				D51E4B2B1B94A1E700FF5DDB /* PBXTargetDependency */,
			);
			name = SkandiacupUITests;
			productName = SkandiacupUITests;
			productReference = D51E4B291B94A1E700FF5DDB /* SkandiacupUITests.xctest */;
			productType = "com.apple.product-type.bundle.ui-testing";
		};
/* End PBXNativeTarget section */

/* Begin PBXProject section */
		D51E4B001B94A1E700FF5DDB /* Project object */ = {
			isa = PBXProject;
			attributes = {
				LastUpgradeCheck = 0700;
				ORGANIZATIONNAME = "Spline Development";
				TargetAttributes = {
					D51E4B071B94A1E700FF5DDB = {
						CreatedOnToolsVersion = 7.0;
					};
					D51E4B1D1B94A1E700FF5DDB = {
						CreatedOnToolsVersion = 7.0;
						TestTargetID = D51E4B071B94A1E700FF5DDB;
					};
					D51E4B281B94A1E700FF5DDB = {
						CreatedOnToolsVersion = 7.0;
						TestTargetID = D51E4B071B94A1E700FF5DDB;
					};
				};
			};
			buildConfigurationList = D51E4B031B94A1E700FF5DDB /* Build configuration list for PBXProject "Skandiacup" */;
			compatibilityVersion = "Xcode 3.2";
			developmentRegion = English;
			hasScannedForEncodings = 0;
			knownRegions = (
				en,
				Base,
			);
			mainGroup = D51E4AFF1B94A1E700FF5DDB;
			productRefGroup = D51E4B091B94A1E700FF5DDB /* Products */;
			projectDirPath = "";
			projectRoot = "";
			targets = (
				D51E4B071B94A1E700FF5DDB /* Skandiacup */,
				D51E4B1D1B94A1E700FF5DDB /* SkandiacupTests */,
				D51E4B281B94A1E700FF5DDB /* SkandiacupUITests */,
			);
		};
/* End PBXProject section */

/* Begin PBXResourcesBuildPhase section */
		D51E4B061B94A1E700FF5DDB /* Resources */ = {
			isa = PBXResourcesBuildPhase;
			buildActionMask = 2147483647;
			files = (
				D54FB67C1BB3F2F3007FCCAF /* filterView.xib in Resources */,
				D51E4B181B94A1E700FF5DDB /* LaunchScreen.storyboard in Resources */,
				D51E4B151B94A1E700FF5DDB /* Assets.xcassets in Resources */,
				D51E4B131B94A1E700FF5DDB /* Main.storyboard in Resources */,
			);
			runOnlyForDeploymentPostprocessing = 0;
		};
		D51E4B1C1B94A1E700FF5DDB /* Resources */ = {
			isa = PBXResourcesBuildPhase;
			buildActionMask = 2147483647;
			files = (
			);
			runOnlyForDeploymentPostprocessing = 0;
		};
		D51E4B271B94A1E700FF5DDB /* Resources */ = {
			isa = PBXResourcesBuildPhase;
			buildActionMask = 2147483647;
			files = (
			);
			runOnlyForDeploymentPostprocessing = 0;
		};
/* End PBXResourcesBuildPhase section */

/* Begin PBXSourcesBuildPhase section */
		D51E4B041B94A1E700FF5DDB /* Sources */ = {
			isa = PBXSourcesBuildPhase;
			buildActionMask = 2147483647;
			files = (
				D5FD4ED41B94C8FF009B53FC /* Field.swift in Sources */,
				236D8D671B9D8FE900669E51 /* CacheImpl.swift in Sources */,
				D5D62FC21BBA87300097CFC7 /* TeamsViewChangeProto.swift in Sources */,
				236D8D601B9D8DF000669E51 /* DataManager.swift in Sources */,
				2388C1531B99D5CD00637F6E /* TournamentClubsMapper.swift in Sources */,
				3CEAA9F31BB5706300939BFD /* EndPlayViewController.swift in Sources */,
				3CB9B3241B9D8F1400B48037 /* DateExtention.swift in Sources */,
				D524965E1B9876EC001D3577 /* TeamsViewController.swift in Sources */,
				D5FD4ED81B94CA23009B53FC /* MatchGroup.swift in Sources */,
				72B841C41BB6BB8C00E37CC1 /* ResultTableViewCell.swift in Sources */,
				726A96841BB6911F00646497 /* TableMock.swift in Sources */,
				D5FD4EE01B94CF70009B53FC /* TournamentTeam.swift in Sources */,
				3CDB8B331B99922A00439028 /* InfoViewController.swift in Sources */,
				D5D7BA3E1BB5777400687A98 /* SegmentChangeProto.swift in Sources */,
				236D8D651B9D8F6F00669E51 /* CacheMock.swift in Sources */,
				D54FB67A1BB3F2BE007FCCAF /* filterView.swift in Sources */,
				72B841C21BB6A39900E37CC1 /* CustomHeaderCell.swift in Sources */,
				D52496601B9876F4001D3577 /* GroupsViewController.swift in Sources */,
				238C04C71BB2EB18000492E7 /* InstagramPhotoObject.swift in Sources */,
				D5FD4EDC1B94CEC3009B53FC /* MatchTableRow.swift in Sources */,
				3CDB8B371B999B3D00439028 /* MatchViewController.swift in Sources */,
				D5FD4ED61B94C9C8009B53FC /* MatchClass.swift in Sources */,
				D5FD4ED21B94C8B7009B53FC /* TournamentClub.swift in Sources */,
				D51E4B101B94A1E700FF5DDB /* TournamentViewController.swift in Sources */,
				D51E4B0C1B94A1E700FF5DDB /* AppDelegate.swift in Sources */,
				236203201B9ECAF000D7F6A7 /* CacheObjects.swift in Sources */,
				D51E4B0E1B94A1E700FF5DDB /* FirstViewController.swift in Sources */,
				3C803E501B984D46001A51AA /* Functions.swift in Sources */,
				23407BF91BB6CCC7006EED89 /* TournamentMatchStatusMapper.swift in Sources */,
				236D8D631B9D8F4600669E51 /* Cache.swift in Sources */,
				238C04C51BB2EAC3000492E7 /* InstagramRepoMock.swift in Sources */,
				D55D9CF61B99949B00DD01E1 /* SWXMLHash.swift in Sources */,
				D5FD4EDE1B94CF3E009B53FC /* MatchTable.swift in Sources */,
				2352AE551BBAB52C00244C6B /* RSSmapper.swift in Sources */,
				3C9A17C21BB58EA700746773 /* EndPlayGamesViewController.swift in Sources */,
				23407BF71BB6C957006EED89 /* TournamentMatchStatus.swift in Sources */,
				238C04C31BB2EAB7000492E7 /* InstagramRepoImpl.swift in Sources */,
				D5FD4ED01B94C79B009B53FC /* Arena.swift in Sources */,
				D52496621B988364001D3577 /* TeamViewController.swift in Sources */,
				D5FD4EDA1B94CD4D009B53FC /* TournamentMatch.swift in Sources */,
				3C803E5C1B98563F001A51AA /* SharingManager.swift in Sources */,
				235D71631BB3D56E0091E345 /* InstaPhotoCell.swift in Sources */,
				D52496641B988546001D3577 /* GroupViewController.swift in Sources */,
				3CC5530D1B98C2CA008FA445 /* HomeViewController.swift in Sources */,
				2352AE511BBAAFD000244C6B /* RSS.swift in Sources */,
				235D71671BB4381F0091E345 /* InstaPopover.swift in Sources */,
				3C803E541B98528A001A51AA /* Soap.swift in Sources */,
				D5D62FD11BBAB45E0097CFC7 /* NewsItemViewController.swift in Sources */,
				2352AE531BBAB04E00244C6B /* RSSItem.swift in Sources */,
				D5FD4ECB1B94B8CA009B53FC /* FavoritesViewController.swift in Sources */,
				2388C1511B99A73B00637F6E /* ArenaMapper.swift in Sources */,
				D5774F451B999D3B002F9451 /* MatchesMapper.swift in Sources */,
				3C803E5A1B98550D001A51AA /* Config.swift in Sources */,
				3C803E561B9852EF001A51AA /* SoapMock.swift in Sources */,
				D5FD4EE21B94CFB7009B53FC /* Tournament.swift in Sources */,
				3C803E5E1B9856E8001A51AA /* SoapImpl.swift in Sources */,
				D5EC2E931B9B5CBC00CBA235 /* TournamentTeamMapper.swift in Sources */,
				729AAA691BA1BEC300E8B6E9 /* FavoriteTeams.swift in Sources */,
				235D71651BB3D8B70091E345 /* InstaUICollectionViewController.swift in Sources */,
				D5EAE5481B99C55100AA3AF1 /* FieldsMapper.swift in Sources */,
				236B0C3B1B987C6700CDEC89 /* Generator.swift in Sources */,
				D5EAE54A1B99C82700AA3AF1 /* MatchTablesMapper.swift in Sources */,
				238C04C11BB2EA9D000492E7 /* InstagramRepo.swift in Sources */,
				726A96821BB582E700646497 /* MatchClassesMapper.swift in Sources */,
				D5D62FCF1BBAB0330097CFC7 /* NewsViewController.swift in Sources */,
				3CDB8B351B99923200439028 /* SosialViewController.swift in Sources */,
			);
			runOnlyForDeploymentPostprocessing = 0;
		};
		D51E4B1A1B94A1E700FF5DDB /* Sources */ = {
			isa = PBXSourcesBuildPhase;
			buildActionMask = 2147483647;
			files = (
				D51E4B231B94A1E700FF5DDB /* SkandiacupTests.swift in Sources */,
			);
			runOnlyForDeploymentPostprocessing = 0;
		};
		D51E4B251B94A1E700FF5DDB /* Sources */ = {
			isa = PBXSourcesBuildPhase;
			buildActionMask = 2147483647;
			files = (
				D51E4B2E1B94A1E700FF5DDB /* SkandiacupUITests.swift in Sources */,
			);
			runOnlyForDeploymentPostprocessing = 0;
		};
/* End PBXSourcesBuildPhase section */

/* Begin PBXTargetDependency section */
		D51E4B201B94A1E700FF5DDB /* PBXTargetDependency */ = {
			isa = PBXTargetDependency;
			target = D51E4B071B94A1E700FF5DDB /* Skandiacup */;
			targetProxy = D51E4B1F1B94A1E700FF5DDB /* PBXContainerItemProxy */;
		};
		D51E4B2B1B94A1E700FF5DDB /* PBXTargetDependency */ = {
			isa = PBXTargetDependency;
			target = D51E4B071B94A1E700FF5DDB /* Skandiacup */;
			targetProxy = D51E4B2A1B94A1E700FF5DDB /* PBXContainerItemProxy */;
		};
/* End PBXTargetDependency section */

/* Begin PBXVariantGroup section */
		D51E4B111B94A1E700FF5DDB /* Main.storyboard */ = {
			isa = PBXVariantGroup;
			children = (
				D51E4B121B94A1E700FF5DDB /* Base */,
			);
			name = Main.storyboard;
			sourceTree = "<group>";
		};
		D51E4B161B94A1E700FF5DDB /* LaunchScreen.storyboard */ = {
			isa = PBXVariantGroup;
			children = (
				D51E4B171B94A1E700FF5DDB /* Base */,
			);
			name = LaunchScreen.storyboard;
			sourceTree = "<group>";
		};
/* End PBXVariantGroup section */

/* Begin XCBuildConfiguration section */
		D51E4B301B94A1E700FF5DDB /* Debug */ = {
			isa = XCBuildConfiguration;
			buildSettings = {
				ALWAYS_SEARCH_USER_PATHS = NO;
				CLANG_CXX_LANGUAGE_STANDARD = "gnu++0x";
				CLANG_CXX_LIBRARY = "libc++";
				CLANG_ENABLE_MODULES = YES;
				CLANG_ENABLE_OBJC_ARC = YES;
				CLANG_WARN_BOOL_CONVERSION = YES;
				CLANG_WARN_CONSTANT_CONVERSION = YES;
				CLANG_WARN_DIRECT_OBJC_ISA_USAGE = YES_ERROR;
				CLANG_WARN_EMPTY_BODY = YES;
				CLANG_WARN_ENUM_CONVERSION = YES;
				CLANG_WARN_INT_CONVERSION = YES;
				CLANG_WARN_OBJC_ROOT_CLASS = YES_ERROR;
				CLANG_WARN_UNREACHABLE_CODE = YES;
				CLANG_WARN__DUPLICATE_METHOD_MATCH = YES;
				"CODE_SIGN_IDENTITY[sdk=iphoneos*]" = "iPhone Developer";
				COPY_PHASE_STRIP = NO;
				DEBUG_INFORMATION_FORMAT = dwarf;
				ENABLE_STRICT_OBJC_MSGSEND = YES;
				ENABLE_TESTABILITY = YES;
				GCC_C_LANGUAGE_STANDARD = gnu99;
				GCC_DYNAMIC_NO_PIC = NO;
				GCC_NO_COMMON_BLOCKS = YES;
				GCC_OPTIMIZATION_LEVEL = 0;
				GCC_PREPROCESSOR_DEFINITIONS = (
					"DEBUG=1",
					"$(inherited)",
				);
				GCC_WARN_64_TO_32_BIT_CONVERSION = YES;
				GCC_WARN_ABOUT_RETURN_TYPE = YES_ERROR;
				GCC_WARN_UNDECLARED_SELECTOR = YES;
				GCC_WARN_UNINITIALIZED_AUTOS = YES_AGGRESSIVE;
				GCC_WARN_UNUSED_FUNCTION = YES;
				GCC_WARN_UNUSED_VARIABLE = YES;
				IPHONEOS_DEPLOYMENT_TARGET = 9.0;
				MTL_ENABLE_DEBUG_INFO = YES;
				ONLY_ACTIVE_ARCH = YES;
				SDKROOT = iphoneos;
				SWIFT_OPTIMIZATION_LEVEL = "-Onone";
				TARGETED_DEVICE_FAMILY = "1,2";
			};
			name = Debug;
		};
		D51E4B311B94A1E700FF5DDB /* Release */ = {
			isa = XCBuildConfiguration;
			buildSettings = {
				ALWAYS_SEARCH_USER_PATHS = NO;
				CLANG_CXX_LANGUAGE_STANDARD = "gnu++0x";
				CLANG_CXX_LIBRARY = "libc++";
				CLANG_ENABLE_MODULES = YES;
				CLANG_ENABLE_OBJC_ARC = YES;
				CLANG_WARN_BOOL_CONVERSION = YES;
				CLANG_WARN_CONSTANT_CONVERSION = YES;
				CLANG_WARN_DIRECT_OBJC_ISA_USAGE = YES_ERROR;
				CLANG_WARN_EMPTY_BODY = YES;
				CLANG_WARN_ENUM_CONVERSION = YES;
				CLANG_WARN_INT_CONVERSION = YES;
				CLANG_WARN_OBJC_ROOT_CLASS = YES_ERROR;
				CLANG_WARN_UNREACHABLE_CODE = YES;
				CLANG_WARN__DUPLICATE_METHOD_MATCH = YES;
				"CODE_SIGN_IDENTITY[sdk=iphoneos*]" = "iPhone Developer";
				COPY_PHASE_STRIP = NO;
				DEBUG_INFORMATION_FORMAT = "dwarf-with-dsym";
				ENABLE_NS_ASSERTIONS = NO;
				ENABLE_STRICT_OBJC_MSGSEND = YES;
				GCC_C_LANGUAGE_STANDARD = gnu99;
				GCC_NO_COMMON_BLOCKS = YES;
				GCC_WARN_64_TO_32_BIT_CONVERSION = YES;
				GCC_WARN_ABOUT_RETURN_TYPE = YES_ERROR;
				GCC_WARN_UNDECLARED_SELECTOR = YES;
				GCC_WARN_UNINITIALIZED_AUTOS = YES_AGGRESSIVE;
				GCC_WARN_UNUSED_FUNCTION = YES;
				GCC_WARN_UNUSED_VARIABLE = YES;
				IPHONEOS_DEPLOYMENT_TARGET = 9.0;
				MTL_ENABLE_DEBUG_INFO = NO;
				SDKROOT = iphoneos;
				TARGETED_DEVICE_FAMILY = "1,2";
				VALIDATE_PRODUCT = YES;
			};
			name = Release;
		};
		D51E4B331B94A1E700FF5DDB /* Debug */ = {
			isa = XCBuildConfiguration;
			buildSettings = {
				ASSETCATALOG_COMPILER_APPICON_NAME = AppIcon;
				CODE_SIGN_IDENTITY = "iPhone Developer";
				INFOPLIST_FILE = Skandiacup/Info.plist;
				IPHONEOS_DEPLOYMENT_TARGET = 8.4;
				LD_RUNPATH_SEARCH_PATHS = "$(inherited) @executable_path/Frameworks";
				PRODUCT_BUNDLE_IDENTIFIER = SplineDevelopment.Skandiacup;
				PRODUCT_NAME = "$(TARGET_NAME)";
			};
			name = Debug;
		};
		D51E4B341B94A1E700FF5DDB /* Release */ = {
			isa = XCBuildConfiguration;
			buildSettings = {
				ASSETCATALOG_COMPILER_APPICON_NAME = AppIcon;
				CODE_SIGN_IDENTITY = "iPhone Developer";
				INFOPLIST_FILE = Skandiacup/Info.plist;
				IPHONEOS_DEPLOYMENT_TARGET = 8.4;
				LD_RUNPATH_SEARCH_PATHS = "$(inherited) @executable_path/Frameworks";
				PRODUCT_BUNDLE_IDENTIFIER = SplineDevelopment.Skandiacup;
				PRODUCT_NAME = "$(TARGET_NAME)";
			};
			name = Release;
		};
		D51E4B361B94A1E700FF5DDB /* Debug */ = {
			isa = XCBuildConfiguration;
			buildSettings = {
				BUNDLE_LOADER = "$(TEST_HOST)";
				INFOPLIST_FILE = SkandiacupTests/Info.plist;
				LD_RUNPATH_SEARCH_PATHS = "$(inherited) @executable_path/Frameworks @loader_path/Frameworks";
				PRODUCT_BUNDLE_IDENTIFIER = SplineDevelopment.SkandiacupTests;
				PRODUCT_NAME = "$(TARGET_NAME)";
				TEST_HOST = "$(BUILT_PRODUCTS_DIR)/Skandiacup.app/Skandiacup";
			};
			name = Debug;
		};
		D51E4B371B94A1E700FF5DDB /* Release */ = {
			isa = XCBuildConfiguration;
			buildSettings = {
				BUNDLE_LOADER = "$(TEST_HOST)";
				INFOPLIST_FILE = SkandiacupTests/Info.plist;
				LD_RUNPATH_SEARCH_PATHS = "$(inherited) @executable_path/Frameworks @loader_path/Frameworks";
				PRODUCT_BUNDLE_IDENTIFIER = SplineDevelopment.SkandiacupTests;
				PRODUCT_NAME = "$(TARGET_NAME)";
				TEST_HOST = "$(BUILT_PRODUCTS_DIR)/Skandiacup.app/Skandiacup";
			};
			name = Release;
		};
		D51E4B391B94A1E700FF5DDB /* Debug */ = {
			isa = XCBuildConfiguration;
			buildSettings = {
				INFOPLIST_FILE = SkandiacupUITests/Info.plist;
				LD_RUNPATH_SEARCH_PATHS = "$(inherited) @executable_path/Frameworks @loader_path/Frameworks";
				PRODUCT_BUNDLE_IDENTIFIER = SplineDevelopment.SkandiacupUITests;
				PRODUCT_NAME = "$(TARGET_NAME)";
				TEST_TARGET_NAME = Skandiacup;
				USES_XCTRUNNER = YES;
			};
			name = Debug;
		};
		D51E4B3A1B94A1E700FF5DDB /* Release */ = {
			isa = XCBuildConfiguration;
			buildSettings = {
				INFOPLIST_FILE = SkandiacupUITests/Info.plist;
				LD_RUNPATH_SEARCH_PATHS = "$(inherited) @executable_path/Frameworks @loader_path/Frameworks";
				PRODUCT_BUNDLE_IDENTIFIER = SplineDevelopment.SkandiacupUITests;
				PRODUCT_NAME = "$(TARGET_NAME)";
				TEST_TARGET_NAME = Skandiacup;
				USES_XCTRUNNER = YES;
			};
			name = Release;
		};
/* End XCBuildConfiguration section */

/* Begin XCConfigurationList section */
		D51E4B031B94A1E700FF5DDB /* Build configuration list for PBXProject "Skandiacup" */ = {
			isa = XCConfigurationList;
			buildConfigurations = (
				D51E4B301B94A1E700FF5DDB /* Debug */,
				D51E4B311B94A1E700FF5DDB /* Release */,
			);
			defaultConfigurationIsVisible = 0;
			defaultConfigurationName = Release;
		};
		D51E4B321B94A1E700FF5DDB /* Build configuration list for PBXNativeTarget "Skandiacup" */ = {
			isa = XCConfigurationList;
			buildConfigurations = (
				D51E4B331B94A1E700FF5DDB /* Debug */,
				D51E4B341B94A1E700FF5DDB /* Release */,
			);
			defaultConfigurationIsVisible = 0;
			defaultConfigurationName = Release;
		};
		D51E4B351B94A1E700FF5DDB /* Build configuration list for PBXNativeTarget "SkandiacupTests" */ = {
			isa = XCConfigurationList;
			buildConfigurations = (
				D51E4B361B94A1E700FF5DDB /* Debug */,
				D51E4B371B94A1E700FF5DDB /* Release */,
			);
			defaultConfigurationIsVisible = 0;
			defaultConfigurationName = Release;
		};
		D51E4B381B94A1E700FF5DDB /* Build configuration list for PBXNativeTarget "SkandiacupUITests" */ = {
			isa = XCConfigurationList;
			buildConfigurations = (
				D51E4B391B94A1E700FF5DDB /* Debug */,
				D51E4B3A1B94A1E700FF5DDB /* Release */,
			);
			defaultConfigurationIsVisible = 0;
			defaultConfigurationName = Release;
		};
/* End XCConfigurationList section */
	};
	rootObject = D51E4B001B94A1E700FF5DDB /* Project object */;
}
