// !$*UTF8*$!
{
	archiveVersion = 1;
	classes = {
	};
	objectVersion = 46;
	objects = {

/* Begin PBXBuildFile section */
		D5D6CB8A1B81DDAB005D2DFE /* AppDelegate.swift in Sources */ = {isa = PBXBuildFile; fileRef = D5D6CB891B81DDAB005D2DFE /* AppDelegate.swift */; };
		D5D6CB8C1B81DDAB005D2DFE /* ViewController.swift in Sources */ = {isa = PBXBuildFile; fileRef = D5D6CB8B1B81DDAB005D2DFE /* ViewController.swift */; };
		D5D6CB8F1B81DDAB005D2DFE /* Main.storyboard in Resources */ = {isa = PBXBuildFile; fileRef = D5D6CB8D1B81DDAB005D2DFE /* Main.storyboard */; };
		D5D6CB911B81DDAB005D2DFE /* Images.xcassets in Resources */ = {isa = PBXBuildFile; fileRef = D5D6CB901B81DDAB005D2DFE /* Images.xcassets */; };
		D5D6CB941B81DDAB005D2DFE /* LaunchScreen.xib in Resources */ = {isa = PBXBuildFile; fileRef = D5D6CB921B81DDAB005D2DFE /* LaunchScreen.xib */; };
		D5D6CBA01B81DDAB005D2DFE /* ScandiacupTests.swift in Sources */ = {isa = PBXBuildFile; fileRef = D5D6CB9F1B81DDAB005D2DFE /* ScandiacupTests.swift */; };
/* End PBXBuildFile section */

/* Begin PBXContainerItemProxy section */
		D5D6CB9A1B81DDAB005D2DFE /* PBXContainerItemProxy */ = {
			isa = PBXContainerItemProxy;
			containerPortal = D5D6CB7C1B81DDAB005D2DFE /* Project object */;
			proxyType = 1;
			remoteGlobalIDString = D5D6CB831B81DDAB005D2DFE;
			remoteInfo = Scandiacup;
		};
/* End PBXContainerItemProxy section */

/* Begin PBXFileReference section */
		D5D6CB841B81DDAB005D2DFE /* Scandiacup.app */ = {isa = PBXFileReference; explicitFileType = wrapper.application; includeInIndex = 0; path = Scandiacup.app; sourceTree = BUILT_PRODUCTS_DIR; };
		D5D6CB881B81DDAB005D2DFE /* Info.plist */ = {isa = PBXFileReference; lastKnownFileType = text.plist.xml; path = Info.plist; sourceTree = "<group>"; };
		D5D6CB891B81DDAB005D2DFE /* AppDelegate.swift */ = {isa = PBXFileReference; lastKnownFileType = sourcecode.swift; path = AppDelegate.swift; sourceTree = "<group>"; };
		D5D6CB8B1B81DDAB005D2DFE /* ViewController.swift */ = {isa = PBXFileReference; lastKnownFileType = sourcecode.swift; path = ViewController.swift; sourceTree = "<group>"; };
		D5D6CB8E1B81DDAB005D2DFE /* Base */ = {isa = PBXFileReference; lastKnownFileType = file.storyboard; name = Base; path = Base.lproj/Main.storyboard; sourceTree = "<group>"; };
		D5D6CB901B81DDAB005D2DFE /* Images.xcassets */ = {isa = PBXFileReference; lastKnownFileType = folder.assetcatalog; path = Images.xcassets; sourceTree = "<group>"; };
		D5D6CB931B81DDAB005D2DFE /* Base */ = {isa = PBXFileReference; lastKnownFileType = file.xib; name = Base; path = Base.lproj/LaunchScreen.xib; sourceTree = "<group>"; };
		D5D6CB991B81DDAB005D2DFE /* ScandiacupTests.xctest */ = {isa = PBXFileReference; explicitFileType = wrapper.cfbundle; includeInIndex = 0; path = ScandiacupTests.xctest; sourceTree = BUILT_PRODUCTS_DIR; };
		D5D6CB9E1B81DDAB005D2DFE /* Info.plist */ = {isa = PBXFileReference; lastKnownFileType = text.plist.xml; path = Info.plist; sourceTree = "<group>"; };
		D5D6CB9F1B81DDAB005D2DFE /* ScandiacupTests.swift */ = {isa = PBXFileReference; lastKnownFileType = sourcecode.swift; path = ScandiacupTests.swift; sourceTree = "<group>"; };
/* End PBXFileReference section */

/* Begin PBXFrameworksBuildPhase section */
		D5D6CB811B81DDAB005D2DFE /* Frameworks */ = {
			isa = PBXFrameworksBuildPhase;
			buildActionMask = 2147483647;
			files = (
			);
			runOnlyForDeploymentPostprocessing = 0;
		};
		D5D6CB961B81DDAB005D2DFE /* Frameworks */ = {
			isa = PBXFrameworksBuildPhase;
			buildActionMask = 2147483647;
			files = (
			);
			runOnlyForDeploymentPostprocessing = 0;
		};
/* End PBXFrameworksBuildPhase section */

/* Begin PBXGroup section */
		D5D6CB7B1B81DDAB005D2DFE = {
			isa = PBXGroup;
			children = (
				D5D6CB861B81DDAB005D2DFE /* Scandiacup */,
				D5D6CB9C1B81DDAB005D2DFE /* ScandiacupTests */,
				D5D6CB851B81DDAB005D2DFE /* Products */,
			);
			sourceTree = "<group>";
		};
		D5D6CB851B81DDAB005D2DFE /* Products */ = {
			isa = PBXGroup;
			children = (
				D5D6CB841B81DDAB005D2DFE /* Scandiacup.app */,
				D5D6CB991B81DDAB005D2DFE /* ScandiacupTests.xctest */,
			);
			name = Products;
			sourceTree = "<group>";
		};
		D5D6CB861B81DDAB005D2DFE /* Scandiacup */ = {
			isa = PBXGroup;
			children = (
				D5D6CB891B81DDAB005D2DFE /* AppDelegate.swift */,
				D5D6CB8B1B81DDAB005D2DFE /* ViewController.swift */,
				D5D6CB8D1B81DDAB005D2DFE /* Main.storyboard */,
				D5D6CB901B81DDAB005D2DFE /* Images.xcassets */,
				D5D6CB921B81DDAB005D2DFE /* LaunchScreen.xib */,
				D5D6CB871B81DDAB005D2DFE /* Supporting Files */,
			);
			path = Scandiacup;
			sourceTree = "<group>";
		};
		D5D6CB871B81DDAB005D2DFE /* Supporting Files */ = {
			isa = PBXGroup;
			children = (
				D5D6CB881B81DDAB005D2DFE /* Info.plist */,
			);
			name = "Supporting Files";
			sourceTree = "<group>";
		};
		D5D6CB9C1B81DDAB005D2DFE /* ScandiacupTests */ = {
			isa = PBXGroup;
			children = (
				D5D6CB9F1B81DDAB005D2DFE /* ScandiacupTests.swift */,
				D5D6CB9D1B81DDAB005D2DFE /* Supporting Files */,
			);
			path = ScandiacupTests;
			sourceTree = "<group>";
		};
		D5D6CB9D1B81DDAB005D2DFE /* Supporting Files */ = {
			isa = PBXGroup;
			children = (
				D5D6CB9E1B81DDAB005D2DFE /* Info.plist */,
			);
			name = "Supporting Files";
			sourceTree = "<group>";
		};
/* End PBXGroup section */

/* Begin PBXNativeTarget section */
		D5D6CB831B81DDAB005D2DFE /* Scandiacup */ = {
			isa = PBXNativeTarget;
			buildConfigurationList = D5D6CBA31B81DDAB005D2DFE /* Build configuration list for PBXNativeTarget "Scandiacup" */;
			buildPhases = (
				D5D6CB801B81DDAB005D2DFE /* Sources */,
				D5D6CB811B81DDAB005D2DFE /* Frameworks */,
				D5D6CB821B81DDAB005D2DFE /* Resources */,
			);
			buildRules = (
			);
			dependencies = (
			);
			name = Scandiacup;
			productName = Scandiacup;
			productReference = D5D6CB841B81DDAB005D2DFE /* Scandiacup.app */;
			productType = "com.apple.product-type.application";
		};
		D5D6CB981B81DDAB005D2DFE /* ScandiacupTests */ = {
			isa = PBXNativeTarget;
			buildConfigurationList = D5D6CBA61B81DDAB005D2DFE /* Build configuration list for PBXNativeTarget "ScandiacupTests" */;
			buildPhases = (
				D5D6CB951B81DDAB005D2DFE /* Sources */,
				D5D6CB961B81DDAB005D2DFE /* Frameworks */,
				D5D6CB971B81DDAB005D2DFE /* Resources */,
			);
			buildRules = (
			);
			dependencies = (
				D5D6CB9B1B81DDAB005D2DFE /* PBXTargetDependency */,
			);
			name = ScandiacupTests;
			productName = ScandiacupTests;
			productReference = D5D6CB991B81DDAB005D2DFE /* ScandiacupTests.xctest */;
			productType = "com.apple.product-type.bundle.unit-test";
		};
/* End PBXNativeTarget section */

/* Begin PBXProject section */
		D5D6CB7C1B81DDAB005D2DFE /* Project object */ = {
			isa = PBXProject;
			attributes = {
				LastUpgradeCheck = 0640;
				ORGANIZATIONNAME = TeamTobb;
				TargetAttributes = {
					D5D6CB831B81DDAB005D2DFE = {
						CreatedOnToolsVersion = 6.4;
					};
					D5D6CB981B81DDAB005D2DFE = {
						CreatedOnToolsVersion = 6.4;
						TestTargetID = D5D6CB831B81DDAB005D2DFE;
					};
				};
			};
			buildConfigurationList = D5D6CB7F1B81DDAB005D2DFE /* Build configuration list for PBXProject "Scandiacup" */;
			compatibilityVersion = "Xcode 3.2";
			developmentRegion = English;
			hasScannedForEncodings = 0;
			knownRegions = (
				en,
				Base,
			);
			mainGroup = D5D6CB7B1B81DDAB005D2DFE;
			productRefGroup = D5D6CB851B81DDAB005D2DFE /* Products */;
			projectDirPath = "";
			projectRoot = "";
			targets = (
				D5D6CB831B81DDAB005D2DFE /* Scandiacup */,
				D5D6CB981B81DDAB005D2DFE /* ScandiacupTests */,
			);
		};
/* End PBXProject section */

/* Begin PBXResourcesBuildPhase section */
		D5D6CB821B81DDAB005D2DFE /* Resources */ = {
			isa = PBXResourcesBuildPhase;
			buildActionMask = 2147483647;
			files = (
				D5D6CB8F1B81DDAB005D2DFE /* Main.storyboard in Resources */,
				D5D6CB941B81DDAB005D2DFE /* LaunchScreen.xib in Resources */,
				D5D6CB911B81DDAB005D2DFE /* Images.xcassets in Resources */,
			);
			runOnlyForDeploymentPostprocessing = 0;
		};
		D5D6CB971B81DDAB005D2DFE /* Resources */ = {
			isa = PBXResourcesBuildPhase;
			buildActionMask = 2147483647;
			files = (
			);
			runOnlyForDeploymentPostprocessing = 0;
		};
/* End PBXResourcesBuildPhase section */

/* Begin PBXSourcesBuildPhase section */
		D5D6CB801B81DDAB005D2DFE /* Sources */ = {
			isa = PBXSourcesBuildPhase;
			buildActionMask = 2147483647;
			files = (
				D5D6CB8C1B81DDAB005D2DFE /* ViewController.swift in Sources */,
				D5D6CB8A1B81DDAB005D2DFE /* AppDelegate.swift in Sources */,
			);
			runOnlyForDeploymentPostprocessing = 0;
		};
		D5D6CB951B81DDAB005D2DFE /* Sources */ = {
			isa = PBXSourcesBuildPhase;
			buildActionMask = 2147483647;
			files = (
				D5D6CBA01B81DDAB005D2DFE /* ScandiacupTests.swift in Sources */,
			);
			runOnlyForDeploymentPostprocessing = 0;
		};
/* End PBXSourcesBuildPhase section */

/* Begin PBXTargetDependency section */
		D5D6CB9B1B81DDAB005D2DFE /* PBXTargetDependency */ = {
			isa = PBXTargetDependency;
			target = D5D6CB831B81DDAB005D2DFE /* Scandiacup */;
			targetProxy = D5D6CB9A1B81DDAB005D2DFE /* PBXContainerItemProxy */;
		};
/* End PBXTargetDependency section */

/* Begin PBXVariantGroup section */
		D5D6CB8D1B81DDAB005D2DFE /* Main.storyboard */ = {
			isa = PBXVariantGroup;
			children = (
				D5D6CB8E1B81DDAB005D2DFE /* Base */,
			);
			name = Main.storyboard;
			sourceTree = "<group>";
		};
		D5D6CB921B81DDAB005D2DFE /* LaunchScreen.xib */ = {
			isa = PBXVariantGroup;
			children = (
				D5D6CB931B81DDAB005D2DFE /* Base */,
			);
			name = LaunchScreen.xib;
			sourceTree = "<group>";
		};
/* End PBXVariantGroup section */

/* Begin XCBuildConfiguration section */
		D5D6CBA11B81DDAB005D2DFE /* Debug */ = {
			isa = XCBuildConfiguration;
			buildSettings = {
				ALWAYS_SEARCH_USER_PATHS = NO;
				CLANG_CXX_LANGUAGE_STANDARD = "gnu++0x";
				CLANG_CXX_LIBRARY = "libc++";
				CLANG_ENABLE_MODULES = YES;
				CLANG_ENABLE_OBJC_ARC = YES;
				CLANG_WARN_BOOL_CONVERSION = YES;
				CLANG_WARN_CONSTANT_CONVERSION = YES;
				CLANG_WARN_DIRECT_OBJC_ISA_USAGE = YES_ERROR;
				CLANG_WARN_EMPTY_BODY = YES;
				CLANG_WARN_ENUM_CONVERSION = YES;
				CLANG_WARN_INT_CONVERSION = YES;
				CLANG_WARN_OBJC_ROOT_CLASS = YES_ERROR;
				CLANG_WARN_UNREACHABLE_CODE = YES;
				CLANG_WARN__DUPLICATE_METHOD_MATCH = YES;
				"CODE_SIGN_IDENTITY[sdk=iphoneos*]" = "iPhone Developer";
				COPY_PHASE_STRIP = NO;
				DEBUG_INFORMATION_FORMAT = "dwarf-with-dsym";
				ENABLE_STRICT_OBJC_MSGSEND = YES;
				GCC_C_LANGUAGE_STANDARD = gnu99;
				GCC_DYNAMIC_NO_PIC = NO;
				GCC_NO_COMMON_BLOCKS = YES;
				GCC_OPTIMIZATION_LEVEL = 0;
				GCC_PREPROCESSOR_DEFINITIONS = (
					"DEBUG=1",
					"$(inherited)",
				);
				GCC_SYMBOLS_PRIVATE_EXTERN = NO;
				GCC_WARN_64_TO_32_BIT_CONVERSION = YES;
				GCC_WARN_ABOUT_RETURN_TYPE = YES_ERROR;
				GCC_WARN_UNDECLARED_SELECTOR = YES;
				GCC_WARN_UNINITIALIZED_AUTOS = YES_AGGRESSIVE;
				GCC_WARN_UNUSED_FUNCTION = YES;
				GCC_WARN_UNUSED_VARIABLE = YES;
				IPHONEOS_DEPLOYMENT_TARGET = 8.4;
				MTL_ENABLE_DEBUG_INFO = YES;
				ONLY_ACTIVE_ARCH = YES;
				SDKROOT = iphoneos;
				SWIFT_OPTIMIZATION_LEVEL = "-Onone";
				TARGETED_DEVICE_FAMILY = "1,2";
			};
			name = Debug;
		};
		D5D6CBA21B81DDAB005D2DFE /* Release */ = {
			isa = XCBuildConfiguration;
			buildSettings = {
				ALWAYS_SEARCH_USER_PATHS = NO;
				CLANG_CXX_LANGUAGE_STANDARD = "gnu++0x";
				CLANG_CXX_LIBRARY = "libc++";
				CLANG_ENABLE_MODULES = YES;
				CLANG_ENABLE_OBJC_ARC = YES;
				CLANG_WARN_BOOL_CONVERSION = YES;
				CLANG_WARN_CONSTANT_CONVERSION = YES;
				CLANG_WARN_DIRECT_OBJC_ISA_USAGE = YES_ERROR;
				CLANG_WARN_EMPTY_BODY = YES;
				CLANG_WARN_ENUM_CONVERSION = YES;
				CLANG_WARN_INT_CONVERSION = YES;
				CLANG_WARN_OBJC_ROOT_CLASS = YES_ERROR;
				CLANG_WARN_UNREACHABLE_CODE = YES;
				CLANG_WARN__DUPLICATE_METHOD_MATCH = YES;
				"CODE_SIGN_IDENTITY[sdk=iphoneos*]" = "iPhone Developer";
				COPY_PHASE_STRIP = NO;
				DEBUG_INFORMATION_FORMAT = "dwarf-with-dsym";
				ENABLE_NS_ASSERTIONS = NO;
				ENABLE_STRICT_OBJC_MSGSEND = YES;
				GCC_C_LANGUAGE_STANDARD = gnu99;
				GCC_NO_COMMON_BLOCKS = YES;
				GCC_WARN_64_TO_32_BIT_CONVERSION = YES;
				GCC_WARN_ABOUT_RETURN_TYPE = YES_ERROR;
				GCC_WARN_UNDECLARED_SELECTOR = YES;
				GCC_WARN_UNINITIALIZED_AUTOS = YES_AGGRESSIVE;
				GCC_WARN_UNUSED_FUNCTION = YES;
				GCC_WARN_UNUSED_VARIABLE = YES;
				IPHONEOS_DEPLOYMENT_TARGET = 8.4;
				MTL_ENABLE_DEBUG_INFO = NO;
				SDKROOT = iphoneos;
				TARGETED_DEVICE_FAMILY = "1,2";
				VALIDATE_PRODUCT = YES;
			};
			name = Release;
		};
		D5D6CBA41B81DDAB005D2DFE /* Debug */ = {
			isa = XCBuildConfiguration;
			buildSettings = {
				ASSETCATALOG_COMPILER_APPICON_NAME = AppIcon;
				INFOPLIST_FILE = Scandiacup/Info.plist;
				LD_RUNPATH_SEARCH_PATHS = "$(inherited) @executable_path/Frameworks";
				PRODUCT_NAME = "$(TARGET_NAME)";
			};
			name = Debug;
		};
		D5D6CBA51B81DDAB005D2DFE /* Release */ = {
			isa = XCBuildConfiguration;
			buildSettings = {
				ASSETCATALOG_COMPILER_APPICON_NAME = AppIcon;
				INFOPLIST_FILE = Scandiacup/Info.plist;
				LD_RUNPATH_SEARCH_PATHS = "$(inherited) @executable_path/Frameworks";
				PRODUCT_NAME = "$(TARGET_NAME)";
			};
			name = Release;
		};
		D5D6CBA71B81DDAB005D2DFE /* Debug */ = {
			isa = XCBuildConfiguration;
			buildSettings = {
				BUNDLE_LOADER = "$(TEST_HOST)";
				FRAMEWORK_SEARCH_PATHS = (
					"$(SDKROOT)/Developer/Library/Frameworks",
					"$(inherited)",
				);
				GCC_PREPROCESSOR_DEFINITIONS = (
					"DEBUG=1",
					"$(inherited)",
				);
				INFOPLIST_FILE = ScandiacupTests/Info.plist;
				LD_RUNPATH_SEARCH_PATHS = "$(inherited) @executable_path/Frameworks @loader_path/Frameworks";
				PRODUCT_NAME = "$(TARGET_NAME)";
				TEST_HOST = "$(BUILT_PRODUCTS_DIR)/Scandiacup.app/Scandiacup";
			};
			name = Debug;
		};
		D5D6CBA81B81DDAB005D2DFE /* Release */ = {
			isa = XCBuildConfiguration;
			buildSettings = {
				BUNDLE_LOADER = "$(TEST_HOST)";
				FRAMEWORK_SEARCH_PATHS = (
					"$(SDKROOT)/Developer/Library/Frameworks",
					"$(inherited)",
				);
				INFOPLIST_FILE = ScandiacupTests/Info.plist;
				LD_RUNPATH_SEARCH_PATHS = "$(inherited) @executable_path/Frameworks @loader_path/Frameworks";
				PRODUCT_NAME = "$(TARGET_NAME)";
				TEST_HOST = "$(BUILT_PRODUCTS_DIR)/Scandiacup.app/Scandiacup";
			};
			name = Release;
		};
/* End XCBuildConfiguration section */

/* Begin XCConfigurationList section */
		D5D6CB7F1B81DDAB005D2DFE /* Build configuration list for PBXProject "Scandiacup" */ = {
			isa = XCConfigurationList;
			buildConfigurations = (
				D5D6CBA11B81DDAB005D2DFE /* Debug */,
				D5D6CBA21B81DDAB005D2DFE /* Release */,
			);
			defaultConfigurationIsVisible = 0;
			defaultConfigurationName = Release;
		};
		D5D6CBA31B81DDAB005D2DFE /* Build configuration list for PBXNativeTarget "Scandiacup" */ = {
			isa = XCConfigurationList;
			buildConfigurations = (
				D5D6CBA41B81DDAB005D2DFE /* Debug */,
				D5D6CBA51B81DDAB005D2DFE /* Release */,
			);
			defaultConfigurationIsVisible = 0;
		};
		D5D6CBA61B81DDAB005D2DFE /* Build configuration list for PBXNativeTarget "ScandiacupTests" */ = {
			isa = XCConfigurationList;
			buildConfigurations = (
				D5D6CBA71B81DDAB005D2DFE /* Debug */,
				D5D6CBA81B81DDAB005D2DFE /* Release */,
			);
			defaultConfigurationIsVisible = 0;
		};
/* End XCConfigurationList section */
	};
	rootObject = D5D6CB7C1B81DDAB005D2DFE /* Project object */;
}
